memo = "794ff85d17beb392d2ba0300673abb412f1ed0e0b310cb8a597608ecce001e7d"

[[projects]]
  name = "github.com/gorilla/websocket"
  packages = ["."]
  revision = "3ab3a8b8831546bd18fd182c20687ca853b2bb13"
  version = "v1.1.0"

[[projects]]
  name = "github.com/satori/go.uuid"
  packages = ["."]
  revision = "879c5887cd475cd7864858769793b2ceb0d44feb"
  version = "v1.1.0"
